
Microsoft Visual Studio Solution File, Format Version 12.00
# Visual Studio Version 17
VisualStudioVersion = 17.8.34525.116
MinimumVisualStudioVersion = 10.0.40219.1
Project("{FAE04EC0-301F-11D3-BF4B-00C04F79EFBC}") = "4T-XML", "4T-XML\4T-XML.csproj", "{BEB68006-3BA1-476E-B55E-C8AE8DC9E351}"
EndProject
Global
	GlobalSection(SolutionConfigurationPlatforms) = preSolution
		Debug|Any CPU = Debug|Any CPU
		Release|Any CPU = Release|Any CPU
	EndGlobalSection
	GlobalSection(ProjectConfigurationPlatforms) = postSolution
		{BEB68006-3BA1-476E-B55E-C8AE8DC9E351}.Debug|Any CPU.ActiveCfg = Debug|Any CPU
		{BEB68006-3BA1-476E-B55E-C8AE8DC9E351}.Debug|Any CPU.Build.0 = Debug|Any CPU
		{BEB68006-3BA1-476E-B55E-C8AE8DC9E351}.Release|Any CPU.ActiveCfg = Release|Any CPU
		{BEB68006-3BA1-476E-B55E-C8AE8DC9E351}.Release|Any CPU.Build.0 = Release|Any CPU
	EndGlobalSection
	GlobalSection(SolutionProperties) = preSolution
		HideSolutionNode = FALSE
	EndGlobalSection
	GlobalSection(ExtensibilityGlobals) = postSolution
		SolutionGuid = {3FA3B66C-9D43-429E-8C70-73F3AA30CDA2}
	EndGlobalSection
EndGlobal
